
Microsoft Visual Studio Solution File, Format Version 12.00
# Visual Studio Version 16
VisualStudioVersion = 16.0.30626.31
MinimumVisualStudioVersion = 10.0.40219.1
Project("{9A19103F-16F7-4668-BE54-9A1E7A4F7556}") = "Spectrum.Test.Core", "src\Spectrum.Test.Core\Spectrum.Test.Core.csproj", "{F98D4938-51DA-4446-A818-221EBFC9CF62}"
EndProject
Project("{FAE04EC0-301F-11D3-BF4B-00C04F79EFBC}") = "Spectrum.Test.Droid", "src\Spectrum.Test.Droid\Spectrum.Test.Droid.csproj", "{218B6F64-12F5-4F65-A829-CF70BA75DA89}"
EndProject
Project("{9A19103F-16F7-4668-BE54-9A1E7A4F7556}") = "Spectrum.Test.Core.Test", "test\Spectrum.Test.Core.Test\Spectrum.Test.Core.Test.csproj", "{BB3C9ABF-B769-4BD6-961B-DAE0C7010181}"
EndProject
Project("{2150E333-8FDC-42A3-9474-1A3956D46DE8}") = "!Solution Items", "!Solution Items", "{D1B1E636-B4AD-4824-8194-755535437362}"
	ProjectSection(SolutionItems) = preProject
		.editorconfig = .editorconfig
	EndProjectSection
EndProject
Global
	GlobalSection(SolutionConfigurationPlatforms) = preSolution
		Debug|Any CPU = Debug|Any CPU
		Debug|ARM = Debug|ARM
		Debug|iPhone = Debug|iPhone
		Debug|iPhoneSimulator = Debug|iPhoneSimulator
		Debug|x64 = Debug|x64
		Debug|x86 = Debug|x86
		Release|Any CPU = Release|Any CPU
		Release|ARM = Release|ARM
		Release|iPhone = Release|iPhone
		Release|iPhoneSimulator = Release|iPhoneSimulator
		Release|x64 = Release|x64
		Release|x86 = Release|x86
	EndGlobalSection
	GlobalSection(ProjectConfigurationPlatforms) = postSolution
		{F98D4938-51DA-4446-A818-221EBFC9CF62}.Debug|Any CPU.ActiveCfg = Debug|Any CPU
		{F98D4938-51DA-4446-A818-221EBFC9CF62}.Debug|Any CPU.Build.0 = Debug|Any CPU
		{F98D4938-51DA-4446-A818-221EBFC9CF62}.Debug|ARM.ActiveCfg = Debug|Any CPU
		{F98D4938-51DA-4446-A818-221EBFC9CF62}.Debug|ARM.Build.0 = Debug|Any CPU
		{F98D4938-51DA-4446-A818-221EBFC9CF62}.Debug|iPhone.ActiveCfg = Debug|Any CPU
		{F98D4938-51DA-4446-A818-221EBFC9CF62}.Debug|iPhone.Build.0 = Debug|Any CPU
		{F98D4938-51DA-4446-A818-221EBFC9CF62}.Debug|iPhoneSimulator.ActiveCfg = Debug|Any CPU
		{F98D4938-51DA-4446-A818-221EBFC9CF62}.Debug|iPhoneSimulator.Build.0 = Debug|Any CPU
		{F98D4938-51DA-4446-A818-221EBFC9CF62}.Debug|x64.ActiveCfg = Debug|Any CPU
		{F98D4938-51DA-4446-A818-221EBFC9CF62}.Debug|x64.Build.0 = Debug|Any CPU
		{F98D4938-51DA-4446-A818-221EBFC9CF62}.Debug|x86.ActiveCfg = Debug|Any CPU
		{F98D4938-51DA-4446-A818-221EBFC9CF62}.Debug|x86.Build.0 = Debug|Any CPU
		{F98D4938-51DA-4446-A818-221EBFC9CF62}.Release|Any CPU.ActiveCfg = Release|Any CPU
		{F98D4938-51DA-4446-A818-221EBFC9CF62}.Release|Any CPU.Build.0 = Release|Any CPU
		{F98D4938-51DA-4446-A818-221EBFC9CF62}.Release|ARM.ActiveCfg = Release|Any CPU
		{F98D4938-51DA-4446-A818-221EBFC9CF62}.Release|ARM.Build.0 = Release|Any CPU
		{F98D4938-51DA-4446-A818-221EBFC9CF62}.Release|iPhone.ActiveCfg = Release|Any CPU
		{F98D4938-51DA-4446-A818-221EBFC9CF62}.Release|iPhone.Build.0 = Release|Any CPU
		{F98D4938-51DA-4446-A818-221EBFC9CF62}.Release|iPhoneSimulator.ActiveCfg = Release|Any CPU
		{F98D4938-51DA-4446-A818-221EBFC9CF62}.Release|iPhoneSimulator.Build.0 = Release|Any CPU
		{F98D4938-51DA-4446-A818-221EBFC9CF62}.Release|x64.ActiveCfg = Release|Any CPU
		{F98D4938-51DA-4446-A818-221EBFC9CF62}.Release|x64.Build.0 = Release|Any CPU
		{F98D4938-51DA-4446-A818-221EBFC9CF62}.Release|x86.ActiveCfg = Release|Any CPU
		{F98D4938-51DA-4446-A818-221EBFC9CF62}.Release|x86.Build.0 = Release|Any CPU
		{218B6F64-12F5-4F65-A829-CF70BA75DA89}.Debug|Any CPU.ActiveCfg = Debug|Any CPU
		{218B6F64-12F5-4F65-A829-CF70BA75DA89}.Debug|Any CPU.Build.0 = Debug|Any CPU
		{218B6F64-12F5-4F65-A829-CF70BA75DA89}.Debug|Any CPU.Deploy.0 = Debug|Any CPU
		{218B6F64-12F5-4F65-A829-CF70BA75DA89}.Debug|ARM.ActiveCfg = Debug|Any CPU
		{218B6F64-12F5-4F65-A829-CF70BA75DA89}.Debug|ARM.Build.0 = Debug|Any CPU
		{218B6F64-12F5-4F65-A829-CF70BA75DA89}.Debug|ARM.Deploy.0 = Debug|Any CPU
		{218B6F64-12F5-4F65-A829-CF70BA75DA89}.Debug|iPhone.ActiveCfg = Debug|Any CPU
		{218B6F64-12F5-4F65-A829-CF70BA75DA89}.Debug|iPhone.Build.0 = Debug|Any CPU
		{218B6F64-12F5-4F65-A829-CF70BA75DA89}.Debug|iPhone.Deploy.0 = Debug|Any CPU
		{218B6F64-12F5-4F65-A829-CF70BA75DA89}.Debug|iPhoneSimulator.ActiveCfg = Debug|Any CPU
		{218B6F64-12F5-4F65-A829-CF70BA75DA89}.Debug|iPhoneSimulator.Build.0 = Debug|Any CPU
		{218B6F64-12F5-4F65-A829-CF70BA75DA89}.Debug|iPhoneSimulator.Deploy.0 = Debug|Any CPU
		{218B6F64-12F5-4F65-A829-CF70BA75DA89}.Debug|x64.ActiveCfg = Debug|Any CPU
		{218B6F64-12F5-4F65-A829-CF70BA75DA89}.Debug|x64.Build.0 = Debug|Any CPU
		{218B6F64-12F5-4F65-A829-CF70BA75DA89}.Debug|x64.Deploy.0 = Debug|Any CPU
		{218B6F64-12F5-4F65-A829-CF70BA75DA89}.Debug|x86.ActiveCfg = Debug|Any CPU
		{218B6F64-12F5-4F65-A829-CF70BA75DA89}.Debug|x86.Build.0 = Debug|Any CPU
		{218B6F64-12F5-4F65-A829-CF70BA75DA89}.Debug|x86.Deploy.0 = Debug|Any CPU
		{218B6F64-12F5-4F65-A829-CF70BA75DA89}.Release|Any CPU.ActiveCfg = Release|Any CPU
		{218B6F64-12F5-4F65-A829-CF70BA75DA89}.Release|Any CPU.Build.0 = Release|Any CPU
		{218B6F64-12F5-4F65-A829-CF70BA75DA89}.Release|Any CPU.Deploy.0 = Release|Any CPU
		{218B6F64-12F5-4F65-A829-CF70BA75DA89}.Release|ARM.ActiveCfg = Release|Any CPU
		{218B6F64-12F5-4F65-A829-CF70BA75DA89}.Release|ARM.Build.0 = Release|Any CPU
		{218B6F64-12F5-4F65-A829-CF70BA75DA89}.Release|ARM.Deploy.0 = Release|Any CPU
		{218B6F64-12F5-4F65-A829-CF70BA75DA89}.Release|iPhone.ActiveCfg = Release|Any CPU
		{218B6F64-12F5-4F65-A829-CF70BA75DA89}.Release|iPhone.Build.0 = Release|Any CPU
		{218B6F64-12F5-4F65-A829-CF70BA75DA89}.Release|iPhone.Deploy.0 = Release|Any CPU
		{218B6F64-12F5-4F65-A829-CF70BA75DA89}.Release|iPhoneSimulator.ActiveCfg = Release|Any CPU
		{218B6F64-12F5-4F65-A829-CF70BA75DA89}.Release|iPhoneSimulator.Build.0 = Release|Any CPU
		{218B6F64-12F5-4F65-A829-CF70BA75DA89}.Release|iPhoneSimulator.Deploy.0 = Release|Any CPU
		{218B6F64-12F5-4F65-A829-CF70BA75DA89}.Release|x64.ActiveCfg = Release|Any CPU
		{218B6F64-12F5-4F65-A829-CF70BA75DA89}.Release|x64.Build.0 = Release|Any CPU
		{218B6F64-12F5-4F65-A829-CF70BA75DA89}.Release|x64.Deploy.0 = Release|Any CPU
		{218B6F64-12F5-4F65-A829-CF70BA75DA89}.Release|x86.ActiveCfg = Release|Any CPU
		{218B6F64-12F5-4F65-A829-CF70BA75DA89}.Release|x86.Build.0 = Release|Any CPU
		{218B6F64-12F5-4F65-A829-CF70BA75DA89}.Release|x86.Deploy.0 = Release|Any CPU
		{BB3C9ABF-B769-4BD6-961B-DAE0C7010181}.Debug|Any CPU.ActiveCfg = Debug|Any CPU
		{BB3C9ABF-B769-4BD6-961B-DAE0C7010181}.Debug|Any CPU.Build.0 = Debug|Any CPU
		{BB3C9ABF-B769-4BD6-961B-DAE0C7010181}.Debug|ARM.ActiveCfg = Debug|Any CPU
		{BB3C9ABF-B769-4BD6-961B-DAE0C7010181}.Debug|ARM.Build.0 = Debug|Any CPU
		{BB3C9ABF-B769-4BD6-961B-DAE0C7010181}.Debug|iPhone.ActiveCfg = Debug|Any CPU
		{BB3C9ABF-B769-4BD6-961B-DAE0C7010181}.Debug|iPhone.Build.0 = Debug|Any CPU
		{BB3C9ABF-B769-4BD6-961B-DAE0C7010181}.Debug|iPhoneSimulator.ActiveCfg = Debug|Any CPU
		{BB3C9ABF-B769-4BD6-961B-DAE0C7010181}.Debug|iPhoneSimulator.Build.0 = Debug|Any CPU
		{BB3C9ABF-B769-4BD6-961B-DAE0C7010181}.Debug|x64.ActiveCfg = Debug|Any CPU
		{BB3C9ABF-B769-4BD6-961B-DAE0C7010181}.Debug|x64.Build.0 = Debug|Any CPU
		{BB3C9ABF-B769-4BD6-961B-DAE0C7010181}.Debug|x86.ActiveCfg = Debug|Any CPU
		{BB3C9ABF-B769-4BD6-961B-DAE0C7010181}.Debug|x86.Build.0 = Debug|Any CPU
		{BB3C9ABF-B769-4BD6-961B-DAE0C7010181}.Release|Any CPU.ActiveCfg = Release|Any CPU
		{BB3C9ABF-B769-4BD6-961B-DAE0C7010181}.Release|Any CPU.Build.0 = Release|Any CPU
		{BB3C9ABF-B769-4BD6-961B-DAE0C7010181}.Release|ARM.ActiveCfg = Release|Any CPU
		{BB3C9ABF-B769-4BD6-961B-DAE0C7010181}.Release|ARM.Build.0 = Release|Any CPU
		{BB3C9ABF-B769-4BD6-961B-DAE0C7010181}.Release|iPhone.ActiveCfg = Release|Any CPU
		{BB3C9ABF-B769-4BD6-961B-DAE0C7010181}.Release|iPhone.Build.0 = Release|Any CPU
		{BB3C9ABF-B769-4BD6-961B-DAE0C7010181}.Release|iPhoneSimulator.ActiveCfg = Release|Any CPU
		{BB3C9ABF-B769-4BD6-961B-DAE0C7010181}.Release|iPhoneSimulator.Build.0 = Release|Any CPU
		{BB3C9ABF-B769-4BD6-961B-DAE0C7010181}.Release|x64.ActiveCfg = Release|Any CPU
		{BB3C9ABF-B769-4BD6-961B-DAE0C7010181}.Release|x64.Build.0 = Release|Any CPU
		{BB3C9ABF-B769-4BD6-961B-DAE0C7010181}.Release|x86.ActiveCfg = Release|Any CPU
		{BB3C9ABF-B769-4BD6-961B-DAE0C7010181}.Release|x86.Build.0 = Release|Any CPU
	EndGlobalSection
	GlobalSection(SolutionProperties) = preSolution
		HideSolutionNode = FALSE
	EndGlobalSection
	GlobalSection(ExtensibilityGlobals) = postSolution
		SolutionGuid = {A2147905-6B02-40B6-B1D1-32347408EA19}
	EndGlobalSection
EndGlobal
